# This file is autogenerated, do not edit; changes may be undone by the next 'dep ensure'.


[[projects]]
  branch = "master"
  name = "github.com/jkak/test"
  packages = ["mytest"]
  revision = "0c89b4ace09437c4ee22c207ad13e1aa0c8b9267"

[solve-meta]
  analyzer-name = "dep"
  analyzer-version = 1
  inputs-digest = "73fa6b33601a231c234e492660c737e57f4f68c940c50a90b4abb035fcc33ce4"
  solver-name = "gps-cdcl"
  solver-version = 1
